// !$*UTF8*$!
{
	archiveVersion = 1;
	classes = {
	};
	objectVersion = 54;
	objects = {

/* Begin PBXBuildFile section */
		057DF9DFFE1E4B0E9646AD69 /* caloric.icon in Resources */ = {isa = PBXBuildFile; fileRef = 5AB43892ABEF4AB1A1BFE0E5 /* caloric.icon */; };
		0890623070CB4BBBAE4C96AA /* CaloricWidgetLiveActivity.swift in Sources */ = {isa = PBXBuildFile; fileRef = 8F00549005E04E5085621AD4 /* CaloricWidgetLiveActivity.swift */; };
		10E995F7051544879F515656 /* WidgetKit.framework in Frameworks */ = {isa = PBXBuildFile; fileRef = B02F83C893F94E4684814B76 /* WidgetKit.framework */; };
		13B07FBF1A68108700A75B9A /* Images.xcassets in Resources */ = {isa = PBXBuildFile; fileRef = 13B07FB51A68108700A75B9A /* Images.xcassets */; };
		3634B8890A524565BD7993E8 /* CaloricWidgetBundle.swift in Sources */ = {isa = PBXBuildFile; fileRef = 153A61083E38404E9B52EC5B /* CaloricWidgetBundle.swift */; };
		394DFE68A8CCCC628189D45C /* libPods-Caloric.a in Frameworks */ = {isa = PBXBuildFile; fileRef = 360BAD192936722775AF0C9C /* libPods-Caloric.a */; };
		3B51EC7573A34DB286133C3B /* CaloricWidget.appex in Embed App Extensions */ = {isa = PBXBuildFile; fileRef = B20B20864EC14A3483A26AC7 /* CaloricWidget.appex */; settings = {ATTRIBUTES = (RemoveHeadersOnCopy, ); }; };
		3BA690044651457EAB751C6E /* CaloricActivity.swift in Sources */ = {isa = PBXBuildFile; fileRef = 8972BF1D4B1D4CD19323616F /* CaloricActivity.swift */; };
		3E461D99554A48A4959DE609 /* SplashScreen.storyboard in Resources */ = {isa = PBXBuildFile; fileRef = AA286B85B6C04FC6940260E9 /* SplashScreen.storyboard */; };
		69608F4890D246C59D09A4DE /* PedometerLiveActivity.swift in Sources */ = {isa = PBXBuildFile; fileRef = 8619D1CBE9334E16BE14BDF4 /* PedometerLiveActivity.swift */; };
		7E9DCC2E8BEB4D23B9DAA91B /* CalorieBudgetLiveActivity.swift in Sources */ = {isa = PBXBuildFile; fileRef = A9DEA404B71544C0B9358648 /* CalorieBudgetLiveActivity.swift */; };
		8C402E95614C43819F48D6D3 /* SwiftUI.framework in Frameworks */ = {isa = PBXBuildFile; fileRef = 5AE9C3E6F8C146BCA9321194 /* SwiftUI.framework */; };
		A53FC4296BF05389699A508C /* ExpoModulesProvider.swift in Sources */ = {isa = PBXBuildFile; fileRef = 87E1BD40E7756B1B71D471CB /* ExpoModulesProvider.swift */; };
		BB2F792D24A3F905000567C9 /* Expo.plist in Resources */ = {isa = PBXBuildFile; fileRef = BB2F792C24A3F905000567C9 /* Expo.plist */; };
		D95220CD28DB42869EF0AD61 /* FitnessLiveActivity.swift in Sources */ = {isa = PBXBuildFile; fileRef = C3B8376D2AFB499C8215516C /* FitnessLiveActivity.swift */; };
		EFBA874D5D90D1EF16C964C6 /* PrivacyInfo.xcprivacy in Resources */ = {isa = PBXBuildFile; fileRef = 45EA8BC76344B0F3789AFFCA /* PrivacyInfo.xcprivacy */; };
		F0CC73663BAB4978A603A94F /* CalorieTrackerLiveActivity.swift in Sources */ = {isa = PBXBuildFile; fileRef = 7FEED68456344F6687616DFF /* CalorieTrackerLiveActivity.swift */; };
		F11748422D0307B40044C1D9 /* AppDelegate.swift in Sources */ = {isa = PBXBuildFile; fileRef = F11748412D0307B40044C1D9 /* AppDelegate.swift */; };
		F5F5E5AEA5E94E818E5DD153 /* Assets.xcassets in Resources */ = {isa = PBXBuildFile; fileRef = 7F3A62BB8FFA492BA93FDF29 /* Assets.xcassets */; };
/* End PBXBuildFile section */

/* Begin PBXContainerItemProxy section */
		4F33C64BE1FB470AB17BB14D /* PBXContainerItemProxy */ = {
			isa = PBXContainerItemProxy;
			containerPortal = 83CBB9F71A601CBA00E9B192 /* Project object */;
			proxyType = 1;
			remoteGlobalIDString = 6D3EDBBA0A594C28B868A273;
			remoteInfo = CaloricWidget;
		};
/* End PBXContainerItemProxy section */

/* Begin PBXCopyFilesBuildPhase section */
		3560F9A3ED5B43A18FE2C183 /* Embed App Extensions */ = {
			isa = PBXCopyFilesBuildPhase;
			buildActionMask = 2147483647;
			dstPath = "";
			dstSubfolderSpec = 13;
			files = (
				3B51EC7573A34DB286133C3B /* CaloricWidget.appex in Embed App Extensions */,
			);
			name = "Embed App Extensions";
			runOnlyForDeploymentPostprocessing = 0;
		};
/* End PBXCopyFilesBuildPhase section */

/* Begin PBXFileReference section */
		0B191BA5C4B845F4822FD6F8 /* Info.plist */ = {isa = PBXFileReference; lastKnownFileType = text.plist.xml; path = Info.plist; sourceTree = "<group>"; };
		13B07F961A680F5B00A75B9A /* Caloric.app */ = {isa = PBXFileReference; explicitFileType = wrapper.application; includeInIndex = 0; path = Caloric.app; sourceTree = BUILT_PRODUCTS_DIR; };
		13B07FB51A68108700A75B9A /* Images.xcassets */ = {isa = PBXFileReference; lastKnownFileType = folder.assetcatalog; name = Images.xcassets; path = Caloric/Images.xcassets; sourceTree = "<group>"; };
		13B07FB61A68108700A75B9A /* Info.plist */ = {isa = PBXFileReference; fileEncoding = 4; lastKnownFileType = text.plist.xml; name = Info.plist; path = Caloric/Info.plist; sourceTree = "<group>"; };
		153A61083E38404E9B52EC5B /* CaloricWidgetBundle.swift */ = {isa = PBXFileReference; fileEncoding = 4; lastKnownFileType = sourcecode.swift; path = CaloricWidgetBundle.swift; sourceTree = "<group>"; };
		360BAD192936722775AF0C9C /* libPods-Caloric.a */ = {isa = PBXFileReference; explicitFileType = archive.ar; includeInIndex = 0; path = "libPods-Caloric.a"; sourceTree = BUILT_PRODUCTS_DIR; };
		45EA8BC76344B0F3789AFFCA /* PrivacyInfo.xcprivacy */ = {isa = PBXFileReference; includeInIndex = 1; lastKnownFileType = text.xml; name = PrivacyInfo.xcprivacy; path = Caloric/PrivacyInfo.xcprivacy; sourceTree = "<group>"; };
		5AB43892ABEF4AB1A1BFE0E5 /* caloric.icon */ = {isa = PBXFileReference; lastKnownFileType = folder.assetcatalog; name = caloric.icon; path = Caloric/caloric.icon; sourceTree = "<group>"; };
		5AE9C3E6F8C146BCA9321194 /* SwiftUI.framework */ = {isa = PBXFileReference; lastKnownFileType = wrapper.framework; name = SwiftUI.framework; path = System/Library/Frameworks/SwiftUI.framework; sourceTree = SDKROOT; };
		7F3A62BB8FFA492BA93FDF29 /* Assets.xcassets */ = {isa = PBXFileReference; lastKnownFileType = folder.assetcatalog; path = Assets.xcassets; sourceTree = "<group>"; };
		7FEED68456344F6687616DFF /* CalorieTrackerLiveActivity.swift */ = {isa = PBXFileReference; fileEncoding = 4; lastKnownFileType = sourcecode.swift; path = CalorieTrackerLiveActivity.swift; sourceTree = "<group>"; };
		81E768F8A9A3F1994CE19E62 /* Pods-Caloric.debug.xcconfig */ = {isa = PBXFileReference; includeInIndex = 1; lastKnownFileType = text.xcconfig; name = "Pods-Caloric.debug.xcconfig"; path = "Target Support Files/Pods-Caloric/Pods-Caloric.debug.xcconfig"; sourceTree = "<group>"; };
		8619D1CBE9334E16BE14BDF4 /* PedometerLiveActivity.swift */ = {isa = PBXFileReference; fileEncoding = 4; lastKnownFileType = sourcecode.swift; path = PedometerLiveActivity.swift; sourceTree = "<group>"; };
		87E1BD40E7756B1B71D471CB /* ExpoModulesProvider.swift */ = {isa = PBXFileReference; includeInIndex = 1; lastKnownFileType = sourcecode.swift; name = ExpoModulesProvider.swift; path = "Pods/Target Support Files/Pods-Caloric/ExpoModulesProvider.swift"; sourceTree = "<group>"; };
		8972BF1D4B1D4CD19323616F /* CaloricActivity.swift */ = {isa = PBXFileReference; fileEncoding = 4; lastKnownFileType = sourcecode.swift; path = CaloricActivity.swift; sourceTree = "<group>"; };
		8F00549005E04E5085621AD4 /* CaloricWidgetLiveActivity.swift */ = {isa = PBXFileReference; fileEncoding = 4; lastKnownFileType = sourcecode.swift; path = CaloricWidgetLiveActivity.swift; sourceTree = "<group>"; };
		A9DEA404B71544C0B9358648 /* CalorieBudgetLiveActivity.swift */ = {isa = PBXFileReference; fileEncoding = 4; lastKnownFileType = sourcecode.swift; path = CalorieBudgetLiveActivity.swift; sourceTree = "<group>"; };
		AA286B85B6C04FC6940260E9 /* SplashScreen.storyboard */ = {isa = PBXFileReference; fileEncoding = 4; lastKnownFileType = file.storyboard; name = SplashScreen.storyboard; path = Caloric/SplashScreen.storyboard; sourceTree = "<group>"; };
		B02F83C893F94E4684814B76 /* WidgetKit.framework */ = {isa = PBXFileReference; lastKnownFileType = wrapper.framework; name = WidgetKit.framework; path = System/Library/Frameworks/WidgetKit.framework; sourceTree = SDKROOT; };
		B20B20864EC14A3483A26AC7 /* CaloricWidget.appex */ = {isa = PBXFileReference; explicitFileType = "wrapper.app-extension"; includeInIndex = 0; path = CaloricWidget.appex; sourceTree = BUILT_PRODUCTS_DIR; };
		BB2F792C24A3F905000567C9 /* Expo.plist */ = {isa = PBXFileReference; fileEncoding = 4; lastKnownFileType = text.plist.xml; path = Expo.plist; sourceTree = "<group>"; };
		C3B8376D2AFB499C8215516C /* FitnessLiveActivity.swift */ = {isa = PBXFileReference; fileEncoding = 4; lastKnownFileType = sourcecode.swift; path = FitnessLiveActivity.swift; sourceTree = "<group>"; };
		E68811D7ADCD91A67287E08D /* Pods-Caloric.release.xcconfig */ = {isa = PBXFileReference; includeInIndex = 1; lastKnownFileType = text.xcconfig; name = "Pods-Caloric.release.xcconfig"; path = "Target Support Files/Pods-Caloric/Pods-Caloric.release.xcconfig"; sourceTree = "<group>"; };
		ED297162215061F000B7C4FE /* JavaScriptCore.framework */ = {isa = PBXFileReference; lastKnownFileType = wrapper.framework; name = JavaScriptCore.framework; path = System/Library/Frameworks/JavaScriptCore.framework; sourceTree = SDKROOT; };
		F11748412D0307B40044C1D9 /* AppDelegate.swift */ = {isa = PBXFileReference; lastKnownFileType = sourcecode.swift; name = AppDelegate.swift; path = Caloric/AppDelegate.swift; sourceTree = "<group>"; };
		F11748442D0722820044C1D9 /* Caloric-Bridging-Header.h */ = {isa = PBXFileReference; lastKnownFileType = sourcecode.c.h; name = "Caloric-Bridging-Header.h"; path = "Caloric/Caloric-Bridging-Header.h"; sourceTree = "<group>"; };
/* End PBXFileReference section */

/* Begin PBXFrameworksBuildPhase section */
		13B07F8C1A680F5B00A75B9A /* Frameworks */ = {
			isa = PBXFrameworksBuildPhase;
			buildActionMask = 2147483647;
			files = (
				394DFE68A8CCCC628189D45C /* libPods-Caloric.a in Frameworks */,
			);
			runOnlyForDeploymentPostprocessing = 0;
		};
		DE2BDD2706124FFDA9436C16 /* Frameworks */ = {
			isa = PBXFrameworksBuildPhase;
			buildActionMask = 2147483647;
			files = (
				10E995F7051544879F515656 /* WidgetKit.framework in Frameworks */,
				8C402E95614C43819F48D6D3 /* SwiftUI.framework in Frameworks */,
			);
			runOnlyForDeploymentPostprocessing = 0;
		};
/* End PBXFrameworksBuildPhase section */

/* Begin PBXGroup section */
		13B07FAE1A68108700A75B9A /* Caloric */ = {
			isa = PBXGroup;
			children = (
				F11748412D0307B40044C1D9 /* AppDelegate.swift */,
				F11748442D0722820044C1D9 /* Caloric-Bridging-Header.h */,
				BB2F792B24A3F905000567C9 /* Supporting */,
				13B07FB51A68108700A75B9A /* Images.xcassets */,
				13B07FB61A68108700A75B9A /* Info.plist */,
				AA286B85B6C04FC6940260E9 /* SplashScreen.storyboard */,
				5AB43892ABEF4AB1A1BFE0E5 /* caloric.icon */,
				45EA8BC76344B0F3789AFFCA /* PrivacyInfo.xcprivacy */,
			);
			name = Caloric;
			sourceTree = "<group>";
		};
		2C177DAE03116F34F5959E50 /* ExpoModulesProviders */ = {
			isa = PBXGroup;
			children = (
				7DEA1ABB4905D5099FE9DF8E /* Caloric */,
			);
			name = ExpoModulesProviders;
			sourceTree = "<group>";
		};
		2D16E6871FA4F8E400B85C8A /* Frameworks */ = {
			isa = PBXGroup;
			children = (
				ED297162215061F000B7C4FE /* JavaScriptCore.framework */,
				360BAD192936722775AF0C9C /* libPods-Caloric.a */,
			);
			name = Frameworks;
			sourceTree = "<group>";
		};
		5D063DF52F788C4200F1E353 /* Recovered References */ = {
			isa = PBXGroup;
			children = (
				B02F83C893F94E4684814B76 /* WidgetKit.framework */,
				5AE9C3E6F8C146BCA9321194 /* SwiftUI.framework */,
			);
			name = "Recovered References";
			sourceTree = "<group>";
		};
		73E0E3179C5249B6A4AA63B7 /* CaloricWidget */ = {
			isa = PBXGroup;
			children = (
				8972BF1D4B1D4CD19323616F /* CaloricActivity.swift */,
				153A61083E38404E9B52EC5B /* CaloricWidgetBundle.swift */,
				8F00549005E04E5085621AD4 /* CaloricWidgetLiveActivity.swift */,
				C3B8376D2AFB499C8215516C /* FitnessLiveActivity.swift */,
				8619D1CBE9334E16BE14BDF4 /* PedometerLiveActivity.swift */,
				A9DEA404B71544C0B9358648 /* CalorieBudgetLiveActivity.swift */,
				7FEED68456344F6687616DFF /* CalorieTrackerLiveActivity.swift */,
				7F3A62BB8FFA492BA93FDF29 /* Assets.xcassets */,
				0B191BA5C4B845F4822FD6F8 /* Info.plist */,
			);
			path = CaloricWidget;
			sourceTree = "<group>";
		};
		7DEA1ABB4905D5099FE9DF8E /* Caloric */ = {
			isa = PBXGroup;
			children = (
				87E1BD40E7756B1B71D471CB /* ExpoModulesProvider.swift */,
			);
			name = Caloric;
			sourceTree = "<group>";
		};
		832341AE1AAA6A7D00B99B32 /* Libraries */ = {
			isa = PBXGroup;
			children = (
			);
			name = Libraries;
			sourceTree = "<group>";
		};
		83CBB9F61A601CBA00E9B192 = {
			isa = PBXGroup;
			children = (
				13B07FAE1A68108700A75B9A /* Caloric */,
				832341AE1AAA6A7D00B99B32 /* Libraries */,
				83CBBA001A601CBA00E9B192 /* Products */,
				2D16E6871FA4F8E400B85C8A /* Frameworks */,
				73E0E3179C5249B6A4AA63B7 /* CaloricWidget */,
				CFDFD7CDC43D43E7CBA642B3 /* Pods */,
				2C177DAE03116F34F5959E50 /* ExpoModulesProviders */,
				5D063DF52F788C4200F1E353 /* Recovered References */,
			);
			indentWidth = 2;
			sourceTree = "<group>";
			tabWidth = 2;
			usesTabs = 0;
		};
		83CBBA001A601CBA00E9B192 /* Products */ = {
			isa = PBXGroup;
			children = (
				13B07F961A680F5B00A75B9A /* Caloric.app */,
				B20B20864EC14A3483A26AC7 /* CaloricWidget.appex */,
			);
			name = Products;
			sourceTree = "<group>";
		};
		BB2F792B24A3F905000567C9 /* Supporting */ = {
			isa = PBXGroup;
			children = (
				BB2F792C24A3F905000567C9 /* Expo.plist */,
			);
			name = Supporting;
			path = Caloric/Supporting;
			sourceTree = "<group>";
		};
		CFDFD7CDC43D43E7CBA642B3 /* Pods */ = {
			isa = PBXGroup;
			children = (
				81E768F8A9A3F1994CE19E62 /* Pods-Caloric.debug.xcconfig */,
				E68811D7ADCD91A67287E08D /* Pods-Caloric.release.xcconfig */,
			);
			path = Pods;
			sourceTree = "<group>";
		};
/* End PBXGroup section */

/* Begin PBXNativeTarget section */
		13B07F861A680F5B00A75B9A /* Caloric */ = {
			isa = PBXNativeTarget;
			buildConfigurationList = 13B07F931A680F5B00A75B9A /* Build configuration list for PBXNativeTarget "Caloric" */;
			buildPhases = (
				08A4A3CD28434E44B6B9DE2E /* [CP] Check Pods Manifest.lock */,
				F95E20F2F5F9811AFBBED0C6 /* [Expo] Configure project */,
				13B07F871A680F5B00A75B9A /* Sources */,
				13B07F8C1A680F5B00A75B9A /* Frameworks */,
				13B07F8E1A680F5B00A75B9A /* Resources */,
				00DD1BFF1BD5951E006B06BC /* Bundle React Native code and images */,
				800E24972A6A228C8D4807E9 /* [CP] Copy Pods Resources */,
				3560F9A3ED5B43A18FE2C183 /* Embed App Extensions */,
				29841C17AC65EA142D12DBB9 /* [CP] Embed Pods Frameworks */,
			);
			buildRules = (
			);
			dependencies = (
				53B262DB6F614BAA968CECFA /* PBXTargetDependency */,
			);
			name = Caloric;
			productName = Caloric;
			productReference = 13B07F961A680F5B00A75B9A /* Caloric.app */;
			productType = "com.apple.product-type.application";
		};
		6D3EDBBA0A594C28B868A273 /* CaloricWidget */ = {
			isa = PBXNativeTarget;
			buildConfigurationList = 2586C837FC4C4A68B216E17E /* Build configuration list for PBXNativeTarget "CaloricWidget" */;
			buildPhases = (
				4E63E5A3925C4964B8CFDA47 /* Sources */,
				DE2BDD2706124FFDA9436C16 /* Frameworks */,
				581DAACA5D644398A768424A /* Resources */,
			);
			buildRules = (
			);
			dependencies = (
			);
			name = CaloricWidget;
			productName = CaloricWidget;
			productReference = B20B20864EC14A3483A26AC7 /* CaloricWidget.appex */;
			productType = "com.apple.product-type.app-extension";
		};
/* End PBXNativeTarget section */

/* Begin PBXProject section */
		83CBB9F71A601CBA00E9B192 /* Project object */ = {
			isa = PBXProject;
			attributes = {
				LastUpgradeCheck = 1130;
				TargetAttributes = {
					13B07F861A680F5B00A75B9A = {
						LastSwiftMigration = 1250;
					};
				};
			};
			buildConfigurationList = 83CBB9FA1A601CBA00E9B192 /* Build configuration list for PBXProject "Caloric" */;
			compatibilityVersion = "Xcode 3.2";
			developmentRegion = en;
			hasScannedForEncodings = 0;
			knownRegions = (
				en,
				Base,
			);
			mainGroup = 83CBB9F61A601CBA00E9B192;
			productRefGroup = 83CBBA001A601CBA00E9B192 /* Products */;
			projectDirPath = "";
			projectRoot = "";
			targets = (
				13B07F861A680F5B00A75B9A /* Caloric */,
				6D3EDBBA0A594C28B868A273 /* CaloricWidget */,
			);
		};
/* End PBXProject section */

/* Begin PBXResourcesBuildPhase section */
		13B07F8E1A680F5B00A75B9A /* Resources */ = {
			isa = PBXResourcesBuildPhase;
			buildActionMask = 2147483647;
			files = (
				BB2F792D24A3F905000567C9 /* Expo.plist in Resources */,
				13B07FBF1A68108700A75B9A /* Images.xcassets in Resources */,
				3E461D99554A48A4959DE609 /* SplashScreen.storyboard in Resources */,
				057DF9DFFE1E4B0E9646AD69 /* caloric.icon in Resources */,
				EFBA874D5D90D1EF16C964C6 /* PrivacyInfo.xcprivacy in Resources */,
			);
			runOnlyForDeploymentPostprocessing = 0;
		};
		581DAACA5D644398A768424A /* Resources */ = {
			isa = PBXResourcesBuildPhase;
			buildActionMask = 2147483647;
			files = (
				F5F5E5AEA5E94E818E5DD153 /* Assets.xcassets in Resources */,
			);
			runOnlyForDeploymentPostprocessing = 0;
		};
/* End PBXResourcesBuildPhase section */

/* Begin PBXShellScriptBuildPhase section */
		00DD1BFF1BD5951E006B06BC /* Bundle React Native code and images */ = {
			isa = PBXShellScriptBuildPhase;
			alwaysOutOfDate = 1;
			buildActionMask = 2147483647;
			files = (
			);
			inputPaths = (
				"$(SRCROOT)/.xcode.env",
				"$(SRCROOT)/.xcode.env.local",
			);
			name = "Bundle React Native code and images";
			outputPaths = (
			);
			runOnlyForDeploymentPostprocessing = 0;
			shellPath = /bin/sh;
			shellScript = "if [[ -f \"$PODS_ROOT/../.xcode.env\" ]]; then\n  source \"$PODS_ROOT/../.xcode.env\"\nfi\nif [[ -f \"$PODS_ROOT/../.xcode.env.local\" ]]; then\n  source \"$PODS_ROOT/../.xcode.env.local\"\nfi\n\n# The project root by default is one level up from the ios directory\nexport PROJECT_ROOT=\"$PROJECT_DIR\"/..\n\nif [[ \"$CONFIGURATION\" = *Debug* ]]; then\n  export SKIP_BUNDLING=1\nfi\nif [[ -z \"$ENTRY_FILE\" ]]; then\n  # Set the entry JS file using the bundler's entry resolution.\n  export ENTRY_FILE=\"$(\"$NODE_BINARY\" -e \"require('expo/scripts/resolveAppEntry')\" \"$PROJECT_ROOT\" ios absolute | tail -n 1)\"\nfi\n\nif [[ -z \"$CLI_PATH\" ]]; then\n  # Use Expo CLI\n  export CLI_PATH=\"$(\"$NODE_BINARY\" --print \"require.resolve('@expo/cli', { paths: [require.resolve('expo/package.json')] })\")\"\nfi\nif [[ -z \"$BUNDLE_COMMAND\" ]]; then\n  # Default Expo CLI command for bundling\n  export BUNDLE_COMMAND=\"export:embed\"\nfi\n\n# Source .xcode.env.updates if it exists to allow\n# SKIP_BUNDLING to be unset if needed\nif [[ -f \"$PODS_ROOT/../.xcode.env.updates\" ]]; then\n  source \"$PODS_ROOT/../.xcode.env.updates\"\nfi\n# Source local changes to allow overrides\n# if needed\nif [[ -f \"$PODS_ROOT/../.xcode.env.local\" ]]; then\n  source \"$PODS_ROOT/../.xcode.env.local\"\nfi\n\n`\"$NODE_BINARY\" --print \"require('path').dirname(require.resolve('react-native/package.json')) + '/scripts/react-native-xcode.sh'\"`\n\n";
		};
		08A4A3CD28434E44B6B9DE2E /* [CP] Check Pods Manifest.lock */ = {
			isa = PBXShellScriptBuildPhase;
			buildActionMask = 2147483647;
			files = (
			);
			inputFileListPaths = (
			);
			inputPaths = (
				"${PODS_PODFILE_DIR_PATH}/Podfile.lock",
				"${PODS_ROOT}/Manifest.lock",
			);
			name = "[CP] Check Pods Manifest.lock";
			outputFileListPaths = (
			);
			outputPaths = (
				"$(DERIVED_FILE_DIR)/Pods-Caloric-checkManifestLockResult.txt",
			);
			runOnlyForDeploymentPostprocessing = 0;
			shellPath = /bin/sh;
			shellScript = "diff \"${PODS_PODFILE_DIR_PATH}/Podfile.lock\" \"${PODS_ROOT}/Manifest.lock\" > /dev/null\nif [ $? != 0 ] ; then\n    # print error to STDERR\n    echo \"error: The sandbox is not in sync with the Podfile.lock. Run 'pod install' or update your CocoaPods installation.\" >&2\n    exit 1\nfi\n# This output is used by Xcode 'outputs' to avoid re-running this script phase.\necho \"SUCCESS\" > \"${SCRIPT_OUTPUT_FILE_0}\"\n";
			showEnvVarsInLog = 0;
		};
		29841C17AC65EA142D12DBB9 /* [CP] Embed Pods Frameworks */ = {
			isa = PBXShellScriptBuildPhase;
			buildActionMask = 2147483647;
			files = (
			);
			inputPaths = (
				"${PODS_ROOT}/Target Support Files/Pods-Caloric/Pods-Caloric-frameworks.sh",
				"${PODS_XCFRAMEWORKS_BUILD_DIR}/React-Core-prebuilt/React.framework/React",
				"${PODS_XCFRAMEWORKS_BUILD_DIR}/ReactNativeDependencies/ReactNativeDependencies.framework/ReactNativeDependencies",
				"${PODS_XCFRAMEWORKS_BUILD_DIR}/hermes-engine/Pre-built/hermes.framework/hermes",
			);
			name = "[CP] Embed Pods Frameworks";
			outputPaths = (
				"${TARGET_BUILD_DIR}/${FRAMEWORKS_FOLDER_PATH}/React.framework",
				"${TARGET_BUILD_DIR}/${FRAMEWORKS_FOLDER_PATH}/ReactNativeDependencies.framework",
				"${TARGET_BUILD_DIR}/${FRAMEWORKS_FOLDER_PATH}/hermes.framework",
			);
			runOnlyForDeploymentPostprocessing = 0;
			shellPath = /bin/sh;
			shellScript = "\"${PODS_ROOT}/Target Support Files/Pods-Caloric/Pods-Caloric-frameworks.sh\"\n";
			showEnvVarsInLog = 0;
		};
		800E24972A6A228C8D4807E9 /* [CP] Copy Pods Resources */ = {
			isa = PBXShellScriptBuildPhase;
			buildActionMask = 2147483647;
			files = (
			);
			inputPaths = (
				"${PODS_ROOT}/Target Support Files/Pods-Caloric/Pods-Caloric-resources.sh",
				"${PODS_CONFIGURATION_BUILD_DIR}/EXApplication/ExpoApplication_privacy.bundle",
				"${PODS_CONFIGURATION_BUILD_DIR}/EXConstants/EXConstants.bundle",
				"${PODS_CONFIGURATION_BUILD_DIR}/EXConstants/ExpoConstants_privacy.bundle",
				"${PODS_CONFIGURATION_BUILD_DIR}/EXNotifications/ExpoNotifications_privacy.bundle",
				"${PODS_CONFIGURATION_BUILD_DIR}/ExpoDevice/ExpoDevice_privacy.bundle",
				"${PODS_CONFIGURATION_BUILD_DIR}/ExpoFileSystem/ExpoFileSystem_privacy.bundle",
				"${PODS_CONFIGURATION_BUILD_DIR}/ExpoLocalization/ExpoLocalization_privacy.bundle",
				"${PODS_CONFIGURATION_BUILD_DIR}/ExpoSystemUI/ExpoSystemUI_privacy.bundle",
				"${PODS_CONFIGURATION_BUILD_DIR}/GTMSessionFetcher/GTMSessionFetcher_Core_Privacy.bundle",
				"${PODS_CONFIGURATION_BUILD_DIR}/GoogleDataTransport/GoogleDataTransport_Privacy.bundle",
				"${PODS_CONFIGURATION_BUILD_DIR}/GoogleToolboxForMac/GoogleToolboxForMac_Privacy.bundle",
				"${PODS_CONFIGURATION_BUILD_DIR}/GoogleToolboxForMac/GoogleToolboxForMac_Logger_Privacy.bundle",
				"${PODS_CONFIGURATION_BUILD_DIR}/GoogleUtilities/GoogleUtilities_Privacy.bundle",
				"${PODS_CONFIGURATION_BUILD_DIR}/MLKitImageLabeling/MLKitImageLabelingResources.bundle",
				"${PODS_CONFIGURATION_BUILD_DIR}/MLKitObjectDetectionCommon/MLKitObjectDetectionCommonResources.bundle",
				"${PODS_CONFIGURATION_BUILD_DIR}/MLKitTextRecognition/LatinOCRResources.bundle",
				"${PODS_CONFIGURATION_BUILD_DIR}/MLKitTextRecognitionChinese/ChineseOCRResources.bundle",
				"${PODS_CONFIGURATION_BUILD_DIR}/MLKitTextRecognitionDevanagari/DevanagariOCRResources.bundle",
				"${PODS_CONFIGURATION_BUILD_DIR}/MLKitTextRecognitionJapanese/JapaneseOCRResources.bundle",
				"${PODS_CONFIGURATION_BUILD_DIR}/MLKitTextRecognitionKorean/KoreanOCRResources.bundle",
				"${PODS_CONFIGURATION_BUILD_DIR}/PromisesObjC/FBLPromises_Privacy.bundle",
				"${PODS_CONFIGURATION_BUILD_DIR}/PurchasesHybridCommon/PurchasesHybridCommon.bundle",
				"${PODS_CONFIGURATION_BUILD_DIR}/RNCAsyncStorage/RNCAsyncStorage_resources.bundle",
				"${PODS_CONFIGURATION_BUILD_DIR}/RNSVG/RNSVGFilters.bundle",
				"${PODS_CONFIGURATION_BUILD_DIR}/React-Core/React-Core_privacy.bundle",
				"${PODS_CONFIGURATION_BUILD_DIR}/React-cxxreact/React-cxxreact_privacy.bundle",
				"${PODS_CONFIGURATION_BUILD_DIR}/RevenueCat/RevenueCat.bundle",
				"${PODS_CONFIGURATION_BUILD_DIR}/RevenueCatUI/RevenueCat_RevenueCatUI.bundle",
				"${PODS_CONFIGURATION_BUILD_DIR}/SDWebImage/SDWebImage.bundle",
				"${PODS_CONFIGURATION_BUILD_DIR}/SuperwallKit/SuperwallKit.bundle",
				"${PODS_CONFIGURATION_BUILD_DIR}/nanopb/nanopb_Privacy.bundle",
			);
			name = "[CP] Copy Pods Resources";
			outputPaths = (
				"${TARGET_BUILD_DIR}/${UNLOCALIZED_RESOURCES_FOLDER_PATH}/ExpoApplication_privacy.bundle",
				"${TARGET_BUILD_DIR}/${UNLOCALIZED_RESOURCES_FOLDER_PATH}/EXConstants.bundle",
				"${TARGET_BUILD_DIR}/${UNLOCALIZED_RESOURCES_FOLDER_PATH}/ExpoConstants_privacy.bundle",
				"${TARGET_BUILD_DIR}/${UNLOCALIZED_RESOURCES_FOLDER_PATH}/ExpoNotifications_privacy.bundle",
				"${TARGET_BUILD_DIR}/${UNLOCALIZED_RESOURCES_FOLDER_PATH}/ExpoDevice_privacy.bundle",
				"${TARGET_BUILD_DIR}/${UNLOCALIZED_RESOURCES_FOLDER_PATH}/ExpoFileSystem_privacy.bundle",
				"${TARGET_BUILD_DIR}/${UNLOCALIZED_RESOURCES_FOLDER_PATH}/ExpoLocalization_privacy.bundle",
				"${TARGET_BUILD_DIR}/${UNLOCALIZED_RESOURCES_FOLDER_PATH}/ExpoSystemUI_privacy.bundle",
				"${TARGET_BUILD_DIR}/${UNLOCALIZED_RESOURCES_FOLDER_PATH}/GTMSessionFetcher_Core_Privacy.bundle",
				"${TARGET_BUILD_DIR}/${UNLOCALIZED_RESOURCES_FOLDER_PATH}/GoogleDataTransport_Privacy.bundle",
				"${TARGET_BUILD_DIR}/${UNLOCALIZED_RESOURCES_FOLDER_PATH}/GoogleToolboxForMac_Privacy.bundle",
				"${TARGET_BUILD_DIR}/${UNLOCALIZED_RESOURCES_FOLDER_PATH}/GoogleToolboxForMac_Logger_Privacy.bundle",
				"${TARGET_BUILD_DIR}/${UNLOCALIZED_RESOURCES_FOLDER_PATH}/GoogleUtilities_Privacy.bundle",
				"${TARGET_BUILD_DIR}/${UNLOCALIZED_RESOURCES_FOLDER_PATH}/MLKitImageLabelingResources.bundle",
				"${TARGET_BUILD_DIR}/${UNLOCALIZED_RESOURCES_FOLDER_PATH}/MLKitObjectDetectionCommonResources.bundle",
				"${TARGET_BUILD_DIR}/${UNLOCALIZED_RESOURCES_FOLDER_PATH}/LatinOCRResources.bundle",
				"${TARGET_BUILD_DIR}/${UNLOCALIZED_RESOURCES_FOLDER_PATH}/ChineseOCRResources.bundle",
				"${TARGET_BUILD_DIR}/${UNLOCALIZED_RESOURCES_FOLDER_PATH}/DevanagariOCRResources.bundle",
				"${TARGET_BUILD_DIR}/${UNLOCALIZED_RESOURCES_FOLDER_PATH}/JapaneseOCRResources.bundle",
				"${TARGET_BUILD_DIR}/${UNLOCALIZED_RESOURCES_FOLDER_PATH}/KoreanOCRResources.bundle",
				"${TARGET_BUILD_DIR}/${UNLOCALIZED_RESOURCES_FOLDER_PATH}/FBLPromises_Privacy.bundle",
				"${TARGET_BUILD_DIR}/${UNLOCALIZED_RESOURCES_FOLDER_PATH}/PurchasesHybridCommon.bundle",
				"${TARGET_BUILD_DIR}/${UNLOCALIZED_RESOURCES_FOLDER_PATH}/RNCAsyncStorage_resources.bundle",
				"${TARGET_BUILD_DIR}/${UNLOCALIZED_RESOURCES_FOLDER_PATH}/RNSVGFilters.bundle",
				"${TARGET_BUILD_DIR}/${UNLOCALIZED_RESOURCES_FOLDER_PATH}/React-Core_privacy.bundle",
				"${TARGET_BUILD_DIR}/${UNLOCALIZED_RESOURCES_FOLDER_PATH}/React-cxxreact_privacy.bundle",
				"${TARGET_BUILD_DIR}/${UNLOCALIZED_RESOURCES_FOLDER_PATH}/RevenueCat.bundle",
				"${TARGET_BUILD_DIR}/${UNLOCALIZED_RESOURCES_FOLDER_PATH}/RevenueCat_RevenueCatUI.bundle",
				"${TARGET_BUILD_DIR}/${UNLOCALIZED_RESOURCES_FOLDER_PATH}/SDWebImage.bundle",
				"${TARGET_BUILD_DIR}/${UNLOCALIZED_RESOURCES_FOLDER_PATH}/SuperwallKit.bundle",
				"${TARGET_BUILD_DIR}/${UNLOCALIZED_RESOURCES_FOLDER_PATH}/nanopb_Privacy.bundle",
			);
			runOnlyForDeploymentPostprocessing = 0;
			shellPath = /bin/sh;
			shellScript = "\"${PODS_ROOT}/Target Support Files/Pods-Caloric/Pods-Caloric-resources.sh\"\n";
			showEnvVarsInLog = 0;
		};
		F95E20F2F5F9811AFBBED0C6 /* [Expo] Configure project */ = {
			isa = PBXShellScriptBuildPhase;
			alwaysOutOfDate = 1;
			buildActionMask = 2147483647;
			files = (
			);
			inputFileListPaths = (
			);
			inputPaths = (
				"$(SRCROOT)/.xcode.env",
				"$(SRCROOT)/.xcode.env.local",
				"$(SRCROOT)/Caloric/Caloric.entitlements",
				"$(SRCROOT)/Pods/Target Support Files/Pods-Caloric/expo-configure-project.sh",
			);
			name = "[Expo] Configure project";
			outputFileListPaths = (
			);
			outputPaths = (
				"$(SRCROOT)/Pods/Target Support Files/Pods-Caloric/ExpoModulesProvider.swift",
			);
			runOnlyForDeploymentPostprocessing = 0;
			shellPath = /bin/sh;
			shellScript = "# This script configures Expo modules and generates the modules provider file.\nbash -l -c \"./Pods/Target\\ Support\\ Files/Pods-Caloric/expo-configure-project.sh\"\n";
		};
/* End PBXShellScriptBuildPhase section */

/* Begin PBXSourcesBuildPhase section */
		13B07F871A680F5B00A75B9A /* Sources */ = {
			isa = PBXSourcesBuildPhase;
			buildActionMask = 2147483647;
			files = (
				F11748422D0307B40044C1D9 /* AppDelegate.swift in Sources */,
				A53FC4296BF05389699A508C /* ExpoModulesProvider.swift in Sources */,
			);
			runOnlyForDeploymentPostprocessing = 0;
		};
		4E63E5A3925C4964B8CFDA47 /* Sources */ = {
			isa = PBXSourcesBuildPhase;
			buildActionMask = 2147483647;
			files = (
				3BA690044651457EAB751C6E /* CaloricActivity.swift in Sources */,
				3634B8890A524565BD7993E8 /* CaloricWidgetBundle.swift in Sources */,
				0890623070CB4BBBAE4C96AA /* CaloricWidgetLiveActivity.swift in Sources */,
				D95220CD28DB42869EF0AD61 /* FitnessLiveActivity.swift in Sources */,
				69608F4890D246C59D09A4DE /* PedometerLiveActivity.swift in Sources */,
				7E9DCC2E8BEB4D23B9DAA91B /* CalorieBudgetLiveActivity.swift in Sources */,
				F0CC73663BAB4978A603A94F /* CalorieTrackerLiveActivity.swift in Sources */,
			);
			runOnlyForDeploymentPostprocessing = 0;
		};
/* End PBXSourcesBuildPhase section */

/* Begin PBXTargetDependency section */
		53B262DB6F614BAA968CECFA /* PBXTargetDependency */ = {
			isa = PBXTargetDependency;
			target = 6D3EDBBA0A594C28B868A273 /* CaloricWidget */;
			targetProxy = 4F33C64BE1FB470AB17BB14D /* PBXContainerItemProxy */;
		};
/* End PBXTargetDependency section */

/* Begin XCBuildConfiguration section */
		13B07F941A680F5B00A75B9A /* Debug */ = {
			isa = XCBuildConfiguration;
			baseConfigurationReference = 81E768F8A9A3F1994CE19E62 /* Pods-Caloric.debug.xcconfig */;
			buildSettings = {
				ASSETCATALOG_COMPILER_APPICON_NAME = caloric;
				ASSETCATALOG_COMPILER_INCLUDE_ALL_APPICON_ASSETS = YES;
				CLANG_ENABLE_MODULES = YES;
				CODE_SIGN_ENTITLEMENTS = Caloric/Caloric.entitlements;
				CURRENT_PROJECT_VERSION = 1;
				DEVELOPMENT_TEAM = 93HBV58WBY;
				ENABLE_BITCODE = NO;
				GCC_PREPROCESSOR_DEFINITIONS = (
					"$(inherited)",
					"FB_SONARKIT_ENABLED=1",
				);
				INFOPLIST_FILE = Caloric/Info.plist;
				IPHONEOS_DEPLOYMENT_TARGET = 16.0;
				LD_RUNPATH_SEARCH_PATHS = (
					"$(inherited)",
					"@executable_path/Frameworks",
				);
				MARKETING_VERSION = 1.0;
				OTHER_LDFLAGS = (
					"$(inherited)",
					"-ObjC",
					"-lc++",
				);
				OTHER_SWIFT_FLAGS = "$(inherited) -D EXPO_CONFIGURATION_DEBUG";
				PRODUCT_BUNDLE_IDENTIFIER = com.calton24.caloric.dev;
				PRODUCT_NAME = Caloric;
				SWIFT_OBJC_BRIDGING_HEADER = "Caloric/Caloric-Bridging-Header.h";
				SWIFT_OPTIMIZATION_LEVEL = "-Onone";
				SWIFT_VERSION = 5.0;
				TARGETED_DEVICE_FAMILY = "1,2";
				VERSIONING_SYSTEM = "apple-generic";
			};
			name = Debug;
		};
		13B07F951A680F5B00A75B9A /* Release */ = {
			isa = XCBuildConfiguration;
			baseConfigurationReference = E68811D7ADCD91A67287E08D /* Pods-Caloric.release.xcconfig */;
			buildSettings = {
				ASSETCATALOG_COMPILER_APPICON_NAME = caloric;
				ASSETCATALOG_COMPILER_INCLUDE_ALL_APPICON_ASSETS = YES;
				CLANG_ENABLE_MODULES = YES;
				CODE_SIGN_ENTITLEMENTS = Caloric/Caloric.entitlements;
				CURRENT_PROJECT_VERSION = 1;
				DEVELOPMENT_TEAM = 93HBV58WBY;
				INFOPLIST_FILE = Caloric/Info.plist;
				IPHONEOS_DEPLOYMENT_TARGET = 16.0;
				LD_RUNPATH_SEARCH_PATHS = (
					"$(inherited)",
					"@executable_path/Frameworks",
				);
				MARKETING_VERSION = 1.0;
				OTHER_LDFLAGS = (
					"$(inherited)",
					"-ObjC",
					"-lc++",
				);
				OTHER_SWIFT_FLAGS = "$(inherited) -D EXPO_CONFIGURATION_RELEASE";
				PRODUCT_BUNDLE_IDENTIFIER = com.calton24.caloric.dev;
				PRODUCT_NAME = Caloric;
				SWIFT_OBJC_BRIDGING_HEADER = "Caloric/Caloric-Bridging-Header.h";
				SWIFT_VERSION = 5.0;
				TARGETED_DEVICE_FAMILY = "1,2";
				VERSIONING_SYSTEM = "apple-generic";
			};
			name = Release;
		};
		6B9419496EA444EA82D6D94A /* Release */ = {
			isa = XCBuildConfiguration;
			buildSettings = {
				ASSETCATALOG_COMPILER_GLOBAL_ACCENT_COLOR_NAME = AccentColor;
				ASSETCATALOG_COMPILER_WIDGET_BACKGROUND_COLOR_NAME = WidgetBackground;
				CODE_SIGN_STYLE = Automatic;
				COPY_PHASE_STRIP = NO;
				CURRENT_PROJECT_VERSION = 1;
				DEBUG_INFORMATION_FORMAT = "dwarf-with-dsym";
				DEVELOPMENT_TEAM = 93HBV58WBY;
				GENERATE_INFOPLIST_FILE = YES;
				INFOPLIST_FILE = CaloricWidget/Info.plist;
				IPHONEOS_DEPLOYMENT_TARGET = 16.2;
				LD_RUNPATH_SEARCH_PATHS = (
					"$(inherited)",
					"@executable_path/Frameworks",
					"@executable_path/../../Frameworks",
				);
				MARKETING_VERSION = 1.0.0;
				OTHER_SWIFT_FLAGS = "$(inherited) -D EXPO_CONFIGURATION_RELEASE";
				PRODUCT_BUNDLE_IDENTIFIER = com.calton24.caloric.dev.CaloricWidget;
				PRODUCT_NAME = "$(TARGET_NAME)";
				SKIP_INSTALL = YES;
				SWIFT_EMIT_LOC_STRINGS = YES;
				SWIFT_VERSION = 5.0;
				TARGETED_DEVICE_FAMILY = "1,2";
			};
			name = Release;
		};
		83CBBA201A601CBA00E9B192 /* Debug */ = {
			isa = XCBuildConfiguration;
			buildSettings = {
				ALWAYS_SEARCH_USER_PATHS = NO;
				CLANG_ANALYZER_LOCALIZABILITY_NONLOCALIZED = YES;
				CLANG_CXX_LANGUAGE_STANDARD = "c++20";
				CLANG_CXX_LIBRARY = "libc++";
				CLANG_ENABLE_MODULES = YES;
				CLANG_ENABLE_OBJC_ARC = YES;
				CLANG_WARN_BLOCK_CAPTURE_AUTORELEASING = YES;
				CLANG_WARN_BOOL_CONVERSION = YES;
				CLANG_WARN_COMMA = YES;
				CLANG_WARN_CONSTANT_CONVERSION = YES;
				CLANG_WARN_DEPRECATED_OBJC_IMPLEMENTATIONS = YES;
				CLANG_WARN_DIRECT_OBJC_ISA_USAGE = YES_ERROR;
				CLANG_WARN_EMPTY_BODY = YES;
				CLANG_WARN_ENUM_CONVERSION = YES;
				CLANG_WARN_INFINITE_RECURSION = YES;
				CLANG_WARN_INT_CONVERSION = YES;
				CLANG_WARN_NON_LITERAL_NULL_CONVERSION = YES;
				CLANG_WARN_OBJC_IMPLICIT_RETAIN_SELF = YES;
				CLANG_WARN_OBJC_LITERAL_CONVERSION = YES;
				CLANG_WARN_OBJC_ROOT_CLASS = YES_ERROR;
				CLANG_WARN_RANGE_LOOP_ANALYSIS = YES;
				CLANG_WARN_STRICT_PROTOTYPES = YES;
				CLANG_WARN_SUSPICIOUS_MOVE = YES;
				CLANG_WARN_UNREACHABLE_CODE = YES;
				CLANG_WARN__DUPLICATE_METHOD_MATCH = YES;
				"CODE_SIGN_IDENTITY[sdk=iphoneos*]" = "iPhone Developer";
				COPY_PHASE_STRIP = NO;
				ENABLE_STRICT_OBJC_MSGSEND = YES;
				ENABLE_TESTABILITY = YES;
				GCC_C_LANGUAGE_STANDARD = gnu99;
				GCC_DYNAMIC_NO_PIC = NO;
				GCC_NO_COMMON_BLOCKS = YES;
				GCC_OPTIMIZATION_LEVEL = 0;
				GCC_PREPROCESSOR_DEFINITIONS = (
					"DEBUG=1",
					"$(inherited)",
				);
				GCC_SYMBOLS_PRIVATE_EXTERN = NO;
				GCC_WARN_64_TO_32_BIT_CONVERSION = YES;
				GCC_WARN_ABOUT_RETURN_TYPE = YES_ERROR;
				GCC_WARN_UNDECLARED_SELECTOR = YES;
				GCC_WARN_UNINITIALIZED_AUTOS = YES_AGGRESSIVE;
				GCC_WARN_UNUSED_FUNCTION = YES;
				GCC_WARN_UNUSED_VARIABLE = YES;
				IPHONEOS_DEPLOYMENT_TARGET = 15.1;
				LD_RUNPATH_SEARCH_PATHS = (
					/usr/lib/swift,
					"$(inherited)",
				);
				LIBRARY_SEARCH_PATHS = "$(SDKROOT)/usr/lib/swift\"$(inherited)\"";
				MTL_ENABLE_DEBUG_INFO = YES;
				ONLY_ACTIVE_ARCH = YES;
				REACT_NATIVE_PATH = "${PODS_ROOT}/../../node_modules/react-native";
				SDKROOT = iphoneos;
				SWIFT_ACTIVE_COMPILATION_CONDITIONS = "$(inherited) DEBUG";
				SWIFT_ENABLE_EXPLICIT_MODULES = NO;
				USE_HERMES = true;
			};
			name = Debug;
		};
		83CBBA211A601CBA00E9B192 /* Release */ = {
			isa = XCBuildConfiguration;
			buildSettings = {
				ALWAYS_SEARCH_USER_PATHS = NO;
				CLANG_ANALYZER_LOCALIZABILITY_NONLOCALIZED = YES;
				CLANG_CXX_LANGUAGE_STANDARD = "c++20";
				CLANG_CXX_LIBRARY = "libc++";
				CLANG_ENABLE_MODULES = YES;
				CLANG_ENABLE_OBJC_ARC = YES;
				CLANG_WARN_BLOCK_CAPTURE_AUTORELEASING = YES;
				CLANG_WARN_BOOL_CONVERSION = YES;
				CLANG_WARN_COMMA = YES;
				CLANG_WARN_CONSTANT_CONVERSION = YES;
				CLANG_WARN_DEPRECATED_OBJC_IMPLEMENTATIONS = YES;
				CLANG_WARN_DIRECT_OBJC_ISA_USAGE = YES_ERROR;
				CLANG_WARN_EMPTY_BODY = YES;
				CLANG_WARN_ENUM_CONVERSION = YES;
				CLANG_WARN_INFINITE_RECURSION = YES;
				CLANG_WARN_INT_CONVERSION = YES;
				CLANG_WARN_NON_LITERAL_NULL_CONVERSION = YES;
				CLANG_WARN_OBJC_IMPLICIT_RETAIN_SELF = YES;
				CLANG_WARN_OBJC_LITERAL_CONVERSION = YES;
				CLANG_WARN_OBJC_ROOT_CLASS = YES_ERROR;
				CLANG_WARN_RANGE_LOOP_ANALYSIS = YES;
				CLANG_WARN_STRICT_PROTOTYPES = YES;
				CLANG_WARN_SUSPICIOUS_MOVE = YES;
				CLANG_WARN_UNREACHABLE_CODE = YES;
				CLANG_WARN__DUPLICATE_METHOD_MATCH = YES;
				"CODE_SIGN_IDENTITY[sdk=iphoneos*]" = "iPhone Developer";
				COPY_PHASE_STRIP = YES;
				ENABLE_NS_ASSERTIONS = NO;
				ENABLE_STRICT_OBJC_MSGSEND = YES;
				GCC_C_LANGUAGE_STANDARD = gnu99;
				GCC_NO_COMMON_BLOCKS = YES;
				GCC_WARN_64_TO_32_BIT_CONVERSION = YES;
				GCC_WARN_ABOUT_RETURN_TYPE = YES_ERROR;
				GCC_WARN_UNDECLARED_SELECTOR = YES;
				GCC_WARN_UNINITIALIZED_AUTOS = YES_AGGRESSIVE;
				GCC_WARN_UNUSED_FUNCTION = YES;
				GCC_WARN_UNUSED_VARIABLE = YES;
				IPHONEOS_DEPLOYMENT_TARGET = 15.1;
				LD_RUNPATH_SEARCH_PATHS = (
					/usr/lib/swift,
					"$(inherited)",
				);
				LIBRARY_SEARCH_PATHS = "$(SDKROOT)/usr/lib/swift\"$(inherited)\"";
				MTL_ENABLE_DEBUG_INFO = NO;
				REACT_NATIVE_PATH = "${PODS_ROOT}/../../node_modules/react-native";
				SDKROOT = iphoneos;
				SWIFT_ENABLE_EXPLICIT_MODULES = NO;
				USE_HERMES = true;
				VALIDATE_PRODUCT = YES;
			};
			name = Release;
		};
		8671EE5AE0BB45A38A03C23D /* Debug */ = {
			isa = XCBuildConfiguration;
			buildSettings = {
				ASSETCATALOG_COMPILER_GLOBAL_ACCENT_COLOR_NAME = AccentColor;
				ASSETCATALOG_COMPILER_WIDGET_BACKGROUND_COLOR_NAME = WidgetBackground;
				CODE_SIGN_STYLE = Automatic;
				CURRENT_PROJECT_VERSION = 1;
				DEBUG_INFORMATION_FORMAT = dwarf;
				DEVELOPMENT_TEAM = 93HBV58WBY;
				GENERATE_INFOPLIST_FILE = YES;
				INFOPLIST_FILE = CaloricWidget/Info.plist;
				IPHONEOS_DEPLOYMENT_TARGET = 16.2;
				LD_RUNPATH_SEARCH_PATHS = (
					"$(inherited)",
					"@executable_path/Frameworks",
					"@executable_path/../../Frameworks",
				);
				MARKETING_VERSION = 1.0.0;
				OTHER_SWIFT_FLAGS = "$(inherited) -D EXPO_CONFIGURATION_DEBUG";
				PRODUCT_BUNDLE_IDENTIFIER = com.calton24.caloric.dev.CaloricWidget;
				PRODUCT_NAME = "$(TARGET_NAME)";
				SKIP_INSTALL = YES;
				SWIFT_EMIT_LOC_STRINGS = YES;
				SWIFT_VERSION = 5.0;
				TARGETED_DEVICE_FAMILY = "1,2";
			};
			name = Debug;
		};
/* End XCBuildConfiguration section */

/* Begin XCConfigurationList section */
		13B07F931A680F5B00A75B9A /* Build configuration list for PBXNativeTarget "Caloric" */ = {
			isa = XCConfigurationList;
			buildConfigurations = (
				13B07F941A680F5B00A75B9A /* Debug */,
				13B07F951A680F5B00A75B9A /* Release */,
			);
			defaultConfigurationIsVisible = 0;
			defaultConfigurationName = Release;
		};
		2586C837FC4C4A68B216E17E /* Build configuration list for PBXNativeTarget "CaloricWidget" */ = {
			isa = XCConfigurationList;
			buildConfigurations = (
				8671EE5AE0BB45A38A03C23D /* Debug */,
				6B9419496EA444EA82D6D94A /* Release */,
			);
			defaultConfigurationIsVisible = 0;
			defaultConfigurationName = Release;
		};
		83CBB9FA1A601CBA00E9B192 /* Build configuration list for PBXProject "Caloric" */ = {
			isa = XCConfigurationList;
			buildConfigurations = (
				83CBBA201A601CBA00E9B192 /* Debug */,
				83CBBA211A601CBA00E9B192 /* Release */,
			);
			defaultConfigurationIsVisible = 0;
			defaultConfigurationName = Release;
		};
/* End XCConfigurationList section */
	};
	rootObject = 83CBB9F71A601CBA00E9B192 /* Project object */;
}
